
Microsoft Visual Studio Solution File, Format Version 12.00
# Visual Studio Version 17
VisualStudioVersion = 17.1.32210.238
MinimumVisualStudioVersion = 10.0.40219.1
Project("{FAE04EC0-301F-11D3-BF4B-00C04F79EFBC}") = "CSharp_Programs", "CSharp_Programs\CSharp_Programs.csproj", "{549E6C7E-5DA6-4CD8-988F-3B9F67AF71A4}"
EndProject
Global
	GlobalSection(SolutionConfigurationPlatforms) = preSolution
		Debug|Any CPU = Debug|Any CPU
		Release|Any CPU = Release|Any CPU
	EndGlobalSection
	GlobalSection(ProjectConfigurationPlatforms) = postSolution
		{549E6C7E-5DA6-4CD8-988F-3B9F67AF71A4}.Debug|Any CPU.ActiveCfg = Debug|Any CPU
		{549E6C7E-5DA6-4CD8-988F-3B9F67AF71A4}.Debug|Any CPU.Build.0 = Debug|Any CPU
		{549E6C7E-5DA6-4CD8-988F-3B9F67AF71A4}.Release|Any CPU.ActiveCfg = Release|Any CPU
		{549E6C7E-5DA6-4CD8-988F-3B9F67AF71A4}.Release|Any CPU.Build.0 = Release|Any CPU
	EndGlobalSection
	GlobalSection(SolutionProperties) = preSolution
		HideSolutionNode = FALSE
	EndGlobalSection
	GlobalSection(ExtensibilityGlobals) = postSolution
		SolutionGuid = {6E9E896E-A38A-46CA-B284-4374E0ED2675}
	EndGlobalSection
EndGlobal
